
Microsoft Visual Studio Solution File, Format Version 12.00
Project("{FAE04EC0-301F-11D3-BF4B-00C04F79EFBC}") = "WebSocket.Core", "WebSocket.Core\WebSocket.Core.csproj", "{CCF43250-8D96-4DEA-B37F-D6A8438121FB}"
EndProject
Project("{FAE04EC0-301F-11D3-BF4B-00C04F79EFBC}") = "AppInvesting", "AppInvesting\AppInvesting.csproj", "{24B6063D-482B-4799-A5D3-B6601E6FB759}"
EndProject
Global
	GlobalSection(SolutionConfigurationPlatforms) = preSolution
		Debug|Any CPU = Debug|Any CPU
		Release|Any CPU = Release|Any CPU
	EndGlobalSection
	GlobalSection(ProjectConfigurationPlatforms) = postSolution
		{CCF43250-8D96-4DEA-B37F-D6A8438121FB}.Debug|Any CPU.ActiveCfg = Debug|Any CPU
		{CCF43250-8D96-4DEA-B37F-D6A8438121FB}.Debug|Any CPU.Build.0 = Debug|Any CPU
		{CCF43250-8D96-4DEA-B37F-D6A8438121FB}.Release|Any CPU.ActiveCfg = Release|Any CPU
		{CCF43250-8D96-4DEA-B37F-D6A8438121FB}.Release|Any CPU.Build.0 = Release|Any CPU
		{24B6063D-482B-4799-A5D3-B6601E6FB759}.Debug|Any CPU.ActiveCfg = Debug|Any CPU
		{24B6063D-482B-4799-A5D3-B6601E6FB759}.Debug|Any CPU.Build.0 = Debug|Any CPU
		{24B6063D-482B-4799-A5D3-B6601E6FB759}.Release|Any CPU.ActiveCfg = Release|Any CPU
		{24B6063D-482B-4799-A5D3-B6601E6FB759}.Release|Any CPU.Build.0 = Release|Any CPU
	EndGlobalSection
EndGlobal
